schema: '2.0'
stages:
  data_ingestion:
    cmd: python src/data/data_ingestion.py
    deps:
    - path: ./data/raw/tweets_sentiment.csv
      hash: md5
      md5: df952449d6f9b5f9fdfe3fc53ddef7ca
      size: 238803811
    - path: ./src/data/data_ingestion.py
      hash: md5
      md5: 0664762c1185113e9e29be4aebcac9b0
      size: 3812
    outs:
    - path: ./data/raw/filtered_df.csv
      hash: md5
      md5: 8e069b3428c2ac4e2b9008c3e083717e
      size: 125819350
  data_preprocessing:
    cmd: python src/data/data_preprocessing.py
    deps:
    - path: ./data/raw/filtered_df.csv
      hash: md5
      md5: 8e069b3428c2ac4e2b9008c3e083717e
      size: 125819350
    - path: ./src/data/data_preprocessing.py
      hash: md5
      md5: 0cebbdd6978c60a02d402c54e4c5fbc1
      size: 5424
    outs:
    - path: ./data/interim/pre_processed_df.csv
      hash: md5
      md5: c5ddcc693091514802c3a59b484ccc4f
      size: 74557490
  feature_engineering:
    cmd: python src/features/feature_engineering.py
    deps:
    - path: ./data/interim/pre_processed_df.csv
      hash: md5
      md5: c5ddcc693091514802c3a59b484ccc4f
      size: 74557490
    - path: ./src/features/feature_engineering.py
      hash: md5
      md5: 00d2a1d6b97b565b3e834f70d4c72547
      size: 3981
    outs:
    - path: ./data/processed/test_tfidf.csv
      hash: md5
      md5: 1b5ff4c27eac670ab3ab67c1fb854fce
      size: 401022742
    - path: ./data/processed/train_tfidf.csv
      hash: md5
      md5: 4f4de9d1ba03089c21f4fd89699e8455
      size: 1604053609
  model_building:
    cmd: python src/models/model_building.py
    deps:
    - path: data/processed/test_tfidf.csv
      hash: md5
      md5: 1b5ff4c27eac670ab3ab67c1fb854fce
      size: 401022742
    - path: data/processed/train_tfidf.csv
      hash: md5
      md5: 4f4de9d1ba03089c21f4fd89699e8455
      size: 1604053609
    - path: src/models/model_building.py
      hash: md5
      md5: 43b2390855efec9f928c85fe9954609c
      size: 3440
    outs:
    - path: metrics/metrics.json
      hash: md5
      md5: 8062c544437e36657e8fa63e8379d7b4
      size: 469
    - path: models/bernoulliNB.pkl
      hash: md5
      md5: 30105a5a3aa8d6d2a22d91f4d2d0c35c
      size: 320635
